
Microsoft Visual Studio Solution File, Format Version 12.00
# Visual Studio Version 17
VisualStudioVersion = 17.14.36408.4
MinimumVisualStudioVersion = 10.0.40219.1
Project("{FAE04EC0-301F-11D3-BF4B-00C04F79EFBC}") = "APATA NEA Project", "APATA NEA Project\APATA NEA Project.csproj", "{75CD4EC2-0810-4026-A826-06C00709FAE6}"
EndProject
Project("{2150E333-8FDC-42A3-9474-1A3956D46DE8}") = "Solution Items", "Solution Items", "{02EA681E-C7D8-13C7-8484-4AC65E1B71E8}"
	ProjectSection(SolutionItems) = preProject
		.editorconfig = .editorconfig
	EndProjectSection
EndProject
Global
	GlobalSection(SolutionConfigurationPlatforms) = preSolution
		Debug|Any CPU = Debug|Any CPU
		Release|Any CPU = Release|Any CPU
	EndGlobalSection
	GlobalSection(ProjectConfigurationPlatforms) = postSolution
		{75CD4EC2-0810-4026-A826-06C00709FAE6}.Debug|Any CPU.ActiveCfg = Debug|Any CPU
		{75CD4EC2-0810-4026-A826-06C00709FAE6}.Debug|Any CPU.Build.0 = Debug|Any CPU
		{75CD4EC2-0810-4026-A826-06C00709FAE6}.Release|Any CPU.ActiveCfg = Release|Any CPU
		{75CD4EC2-0810-4026-A826-06C00709FAE6}.Release|Any CPU.Build.0 = Release|Any CPU
	EndGlobalSection
	GlobalSection(SolutionProperties) = preSolution
		HideSolutionNode = FALSE
	EndGlobalSection
	GlobalSection(ExtensibilityGlobals) = postSolution
		SolutionGuid = {D24EB992-CB1F-496F-920A-DAE1025372F6}
	EndGlobalSection
EndGlobal
